
Microsoft Visual Studio Solution File, Format Version 12.00
# Visual Studio Version 16
VisualStudioVersion = 16.0.30011.22
MinimumVisualStudioVersion = 10.0.40219.1
Project("{FAE04EC0-301F-11D3-BF4B-00C04F79EFBC}") = "Project2.1_31655815", "Project2.1_31655815\Project2.1_31655815.csproj", "{0D9D7366-59F8-49DB-A2A0-2EDED32A2C8C}"
EndProject
Global
	GlobalSection(SolutionConfigurationPlatforms) = preSolution
		Debug|Any CPU = Debug|Any CPU
		Release|Any CPU = Release|Any CPU
	EndGlobalSection
	GlobalSection(ProjectConfigurationPlatforms) = postSolution
		{0D9D7366-59F8-49DB-A2A0-2EDED32A2C8C}.Debug|Any CPU.ActiveCfg = Debug|Any CPU
		{0D9D7366-59F8-49DB-A2A0-2EDED32A2C8C}.Debug|Any CPU.Build.0 = Debug|Any CPU
		{0D9D7366-59F8-49DB-A2A0-2EDED32A2C8C}.Release|Any CPU.ActiveCfg = Release|Any CPU
		{0D9D7366-59F8-49DB-A2A0-2EDED32A2C8C}.Release|Any CPU.Build.0 = Release|Any CPU
	EndGlobalSection
	GlobalSection(SolutionProperties) = preSolution
		HideSolutionNode = FALSE
	EndGlobalSection
	GlobalSection(ExtensibilityGlobals) = postSolution
		SolutionGuid = {177C1BFC-EBA3-4522-8F3F-C0D871487C97}
	EndGlobalSection
EndGlobal
